
Microsoft Visual Studio Solution File, Format Version 12.00
# Visual Studio Version 16
VisualStudioVersion = 16.0.29911.84
MinimumVisualStudioVersion = 10.0.40219.1
Project("{FAE04EC0-301F-11D3-BF4B-00C04F79EFBC}") = "LifeGame", "LifeGame\LifeGame.csproj", "{2FB7D9D0-466E-4CD1-9C4E-3758FC821455}"
EndProject
Global
	GlobalSection(SolutionConfigurationPlatforms) = preSolution
		Debug|Any CPU = Debug|Any CPU
		Release|Any CPU = Release|Any CPU
	EndGlobalSection
	GlobalSection(ProjectConfigurationPlatforms) = postSolution
		{2FB7D9D0-466E-4CD1-9C4E-3758FC821455}.Debug|Any CPU.ActiveCfg = Debug|Any CPU
		{2FB7D9D0-466E-4CD1-9C4E-3758FC821455}.Debug|Any CPU.Build.0 = Debug|Any CPU
		{2FB7D9D0-466E-4CD1-9C4E-3758FC821455}.Release|Any CPU.ActiveCfg = Release|Any CPU
		{2FB7D9D0-466E-4CD1-9C4E-3758FC821455}.Release|Any CPU.Build.0 = Release|Any CPU
	EndGlobalSection
	GlobalSection(SolutionProperties) = preSolution
		HideSolutionNode = FALSE
	EndGlobalSection
	GlobalSection(ExtensibilityGlobals) = postSolution
		SolutionGuid = {39CB1BB8-5CBB-44BD-9D00-40A5BA28872B}
	EndGlobalSection
EndGlobal
